Microsoft Visual Studio Solution File, Format Version 12.00
# Visual Studio Version 17
VisualStudioVersion = 17.5.2.0
MinimumVisualStudioVersion = 10.0.40219.1
Project("{FAE04EC0-301F-11D3-BF4B-00C04F79EFBC}") = "avaloniaExample", "avaloniaExample.csproj", "{7780FBC3-6D16-D313-8ECE-0E0BAB758979}"
EndProject
Global
	GlobalSection(SolutionConfigurationPlatforms) = preSolution
		Debug|Any CPU = Debug|Any CPU
		Release|Any CPU = Release|Any CPU
	EndGlobalSection
	GlobalSection(ProjectConfigurationPlatforms) = postSolution
		{7780FBC3-6D16-D313-8ECE-0E0BAB758979}.Debug|Any CPU.ActiveCfg = Debug|Any CPU
		{7780FBC3-6D16-D313-8ECE-0E0BAB758979}.Debug|Any CPU.Build.0 = Debug|Any CPU
		{7780FBC3-6D16-D313-8ECE-0E0BAB758979}.Release|Any CPU.ActiveCfg = Release|Any CPU
		{7780FBC3-6D16-D313-8ECE-0E0BAB758979}.Release|Any CPU.Build.0 = Release|Any CPU
	EndGlobalSection
	GlobalSection(SolutionProperties) = preSolution
		HideSolutionNode = FALSE
	EndGlobalSection
	GlobalSection(ExtensibilityGlobals) = postSolution
		SolutionGuid = {309A02E0-498E-4FDB-8270-F3E24703BCAB}
	EndGlobalSection
EndGlobal
